# Prisma Migrate lockfile v1

20221026124049-1
20221027073305-1
20221027171042-1
20221029083606-1
20221029113406-1
20221029140029-1
20221029144158-1
20221029173626-1
20221029180103-1
20221029185210-1
20221031130225-1
20221101072747-1
20221101080854-1
20221103020602-1
20221103031818-1
20221104085221-1
20221107093013-1
20221107094105-1
20221107101934-1
20221109044625-1
20221112113810-1
20221115171950-1